
Microsoft Visual Studio Solution File, Format Version 12.00
# Visual Studio Version 16
VisualStudioVersion = 16.0.30011.22
MinimumVisualStudioVersion = 10.0.40219.1
Project("{9A19103F-16F7-4668-BE54-9A1E7A4F7556}") = "Api", "Api\Api.csproj", "{79FF147F-E274-458A-8FBD-C467393F18B8}"
EndProject
Project("{FAE04EC0-301F-11D3-BF4B-00C04F79EFBC}") = "Core", "Core\Core.csproj", "{12FC2515-953E-4B89-9335-4AC25E93CB20}"
EndProject
Project("{FAE04EC0-301F-11D3-BF4B-00C04F79EFBC}") = "Infrastructure", "Infrastructure\Infrastructure.csproj", "{2EA240B9-190B-4D03-AF44-9E67331BED8A}"
EndProject
Global
	GlobalSection(SolutionConfigurationPlatforms) = preSolution
		Debug|Any CPU = Debug|Any CPU
		Release|Any CPU = Release|Any CPU
	EndGlobalSection
	GlobalSection(ProjectConfigurationPlatforms) = postSolution
		{79FF147F-E274-458A-8FBD-C467393F18B8}.Debug|Any CPU.ActiveCfg = Debug|Any CPU
		{79FF147F-E274-458A-8FBD-C467393F18B8}.Debug|Any CPU.Build.0 = Debug|Any CPU
		{79FF147F-E274-458A-8FBD-C467393F18B8}.Release|Any CPU.ActiveCfg = Release|Any CPU
		{79FF147F-E274-458A-8FBD-C467393F18B8}.Release|Any CPU.Build.0 = Release|Any CPU
		{12FC2515-953E-4B89-9335-4AC25E93CB20}.Debug|Any CPU.ActiveCfg = Debug|Any CPU
		{12FC2515-953E-4B89-9335-4AC25E93CB20}.Debug|Any CPU.Build.0 = Debug|Any CPU
		{12FC2515-953E-4B89-9335-4AC25E93CB20}.Release|Any CPU.ActiveCfg = Release|Any CPU
		{12FC2515-953E-4B89-9335-4AC25E93CB20}.Release|Any CPU.Build.0 = Release|Any CPU
		{2EA240B9-190B-4D03-AF44-9E67331BED8A}.Debug|Any CPU.ActiveCfg = Debug|Any CPU
		{2EA240B9-190B-4D03-AF44-9E67331BED8A}.Debug|Any CPU.Build.0 = Debug|Any CPU
		{2EA240B9-190B-4D03-AF44-9E67331BED8A}.Release|Any CPU.ActiveCfg = Release|Any CPU
		{2EA240B9-190B-4D03-AF44-9E67331BED8A}.Release|Any CPU.Build.0 = Release|Any CPU
	EndGlobalSection
	GlobalSection(SolutionProperties) = preSolution
		HideSolutionNode = FALSE
	EndGlobalSection
	GlobalSection(ExtensibilityGlobals) = postSolution
		SolutionGuid = {7A8CAC4B-D7CB-4739-B26F-C94F23D3E42F}
	EndGlobalSection
EndGlobal
